
Microsoft Visual Studio Solution File, Format Version 12.00
# Visual Studio Version 17
VisualStudioVersion = 17.5.33424.131
MinimumVisualStudioVersion = 10.0.40219.1
Project("{8BC9CEB8-8B4A-11D0-8D11-00A0C91BC942}") = "LittleGame-SmartestMen", "LittleGame-SmartestMen\LittleGame-SmartestMen.vcxproj", "{66A84AFF-1645-4DD2-A956-1059E7CFE5ED}"
EndProject
Project("{8BC9CEB8-8B4A-11D0-8D11-00A0C91BC942}") = "WinUITest", "WinUITest\WinUITest.vcxproj", "{5D5B56F9-CF3F-4783-8AF1-14F39D3D77C4}"
EndProject
Project("{FAE04EC0-301F-11D3-BF4B-00C04F79EFBC}") = "NavApp1", "NavApp1\NavApp1.csproj", "{ED53C52C-60B2-4A19-9A11-2002386405DB}"
EndProject
Project("{FAE04EC0-301F-11D3-BF4B-00C04F79EFBC}") = "NavigationViewTest", "NavigationViewTest\NavigationViewTest.csproj", "{2359F258-45BE-465F-98DD-A483815FAE53}"
EndProject
Project("{8BC9CEB8-8B4A-11D0-8D11-00A0C91BC942}") = "NavigationViewTestCpp", "NavigationViewTestCpp\NavigationViewTestCpp.vcxproj", "{DD0F80CC-B2C1-4A2D-9496-43540AD9696F}"
EndProject
Project("{8BC9CEB8-8B4A-11D0-8D11-00A0C91BC942}") = "NavigationViewTestCppUwp", "NavigationViewTestCppUwp\NavigationViewTestCppUwp.vcxproj", "{1D5300FF-6737-4007-94AC-87695B8FB5E6}"
EndProject
Global
	GlobalSection(SolutionConfigurationPlatforms) = preSolution
		Debug|ARM = Debug|ARM
		Debug|ARM64 = Debug|ARM64
		Debug|x64 = Debug|x64
		Debug|x86 = Debug|x86
		Release|ARM = Release|ARM
		Release|ARM64 = Release|ARM64
		Release|x64 = Release|x64
		Release|x86 = Release|x86
	EndGlobalSection
	GlobalSection(ProjectConfigurationPlatforms) = postSolution
		{66A84AFF-1645-4DD2-A956-1059E7CFE5ED}.Debug|ARM.ActiveCfg = Debug|x64
		{66A84AFF-1645-4DD2-A956-1059E7CFE5ED}.Debug|ARM.Build.0 = Debug|x64
		{66A84AFF-1645-4DD2-A956-1059E7CFE5ED}.Debug|ARM.Deploy.0 = Debug|x64
		{66A84AFF-1645-4DD2-A956-1059E7CFE5ED}.Debug|ARM64.ActiveCfg = Debug|ARM64
		{66A84AFF-1645-4DD2-A956-1059E7CFE5ED}.Debug|ARM64.Build.0 = Debug|ARM64
		{66A84AFF-1645-4DD2-A956-1059E7CFE5ED}.Debug|ARM64.Deploy.0 = Debug|ARM64
		{66A84AFF-1645-4DD2-A956-1059E7CFE5ED}.Debug|x64.ActiveCfg = Debug|x64
		{66A84AFF-1645-4DD2-A956-1059E7CFE5ED}.Debug|x64.Build.0 = Debug|x64
		{66A84AFF-1645-4DD2-A956-1059E7CFE5ED}.Debug|x64.Deploy.0 = Debug|x64
		{66A84AFF-1645-4DD2-A956-1059E7CFE5ED}.Debug|x86.ActiveCfg = Debug|Win32
		{66A84AFF-1645-4DD2-A956-1059E7CFE5ED}.Debug|x86.Build.0 = Debug|Win32
		{66A84AFF-1645-4DD2-A956-1059E7CFE5ED}.Debug|x86.Deploy.0 = Debug|Win32
		{66A84AFF-1645-4DD2-A956-1059E7CFE5ED}.Release|ARM.ActiveCfg = Release|x64
		{66A84AFF-1645-4DD2-A956-1059E7CFE5ED}.Release|ARM.Build.0 = Release|x64
		{66A84AFF-1645-4DD2-A956-1059E7CFE5ED}.Release|ARM.Deploy.0 = Release|x64
		{66A84AFF-1645-4DD2-A956-1059E7CFE5ED}.Release|ARM64.ActiveCfg = Release|ARM64
		{66A84AFF-1645-4DD2-A956-1059E7CFE5ED}.Release|ARM64.Build.0 = Release|ARM64
		{66A84AFF-1645-4DD2-A956-1059E7CFE5ED}.Release|ARM64.Deploy.0 = Release|ARM64
		{66A84AFF-1645-4DD2-A956-1059E7CFE5ED}.Release|x64.ActiveCfg = Release|x64
		{66A84AFF-1645-4DD2-A956-1059E7CFE5ED}.Release|x64.Build.0 = Release|x64
		{66A84AFF-1645-4DD2-A956-1059E7CFE5ED}.Release|x64.Deploy.0 = Release|x64
		{66A84AFF-1645-4DD2-A956-1059E7CFE5ED}.Release|x86.ActiveCfg = Release|Win32
		{66A84AFF-1645-4DD2-A956-1059E7CFE5ED}.Release|x86.Build.0 = Release|Win32
		{66A84AFF-1645-4DD2-A956-1059E7CFE5ED}.Release|x86.Deploy.0 = Release|Win32
		{5D5B56F9-CF3F-4783-8AF1-14F39D3D77C4}.Debug|ARM.ActiveCfg = Debug|x64
		{5D5B56F9-CF3F-4783-8AF1-14F39D3D77C4}.Debug|ARM.Build.0 = Debug|x64
		{5D5B56F9-CF3F-4783-8AF1-14F39D3D77C4}.Debug|ARM.Deploy.0 = Debug|x64
		{5D5B56F9-CF3F-4783-8AF1-14F39D3D77C4}.Debug|ARM64.ActiveCfg = Debug|ARM64
		{5D5B56F9-CF3F-4783-8AF1-14F39D3D77C4}.Debug|ARM64.Build.0 = Debug|ARM64
		{5D5B56F9-CF3F-4783-8AF1-14F39D3D77C4}.Debug|ARM64.Deploy.0 = Debug|ARM64
		{5D5B56F9-CF3F-4783-8AF1-14F39D3D77C4}.Debug|x64.ActiveCfg = Debug|x64
		{5D5B56F9-CF3F-4783-8AF1-14F39D3D77C4}.Debug|x64.Build.0 = Debug|x64
		{5D5B56F9-CF3F-4783-8AF1-14F39D3D77C4}.Debug|x64.Deploy.0 = Debug|x64
		{5D5B56F9-CF3F-4783-8AF1-14F39D3D77C4}.Debug|x86.ActiveCfg = Debug|Win32
		{5D5B56F9-CF3F-4783-8AF1-14F39D3D77C4}.Debug|x86.Build.0 = Debug|Win32
		{5D5B56F9-CF3F-4783-8AF1-14F39D3D77C4}.Debug|x86.Deploy.0 = Debug|Win32
		{5D5B56F9-CF3F-4783-8AF1-14F39D3D77C4}.Release|ARM.ActiveCfg = Release|x64
		{5D5B56F9-CF3F-4783-8AF1-14F39D3D77C4}.Release|ARM.Build.0 = Release|x64
		{5D5B56F9-CF3F-4783-8AF1-14F39D3D77C4}.Release|ARM.Deploy.0 = Release|x64
		{5D5B56F9-CF3F-4783-8AF1-14F39D3D77C4}.Release|ARM64.ActiveCfg = Release|ARM64
		{5D5B56F9-CF3F-4783-8AF1-14F39D3D77C4}.Release|ARM64.Build.0 = Release|ARM64
		{5D5B56F9-CF3F-4783-8AF1-14F39D3D77C4}.Release|ARM64.Deploy.0 = Release|ARM64
		{5D5B56F9-CF3F-4783-8AF1-14F39D3D77C4}.Release|x64.ActiveCfg = Release|x64
		{5D5B56F9-CF3F-4783-8AF1-14F39D3D77C4}.Release|x64.Build.0 = Release|x64
		{5D5B56F9-CF3F-4783-8AF1-14F39D3D77C4}.Release|x64.Deploy.0 = Release|x64
		{5D5B56F9-CF3F-4783-8AF1-14F39D3D77C4}.Release|x86.ActiveCfg = Release|Win32
		{5D5B56F9-CF3F-4783-8AF1-14F39D3D77C4}.Release|x86.Build.0 = Release|Win32
		{5D5B56F9-CF3F-4783-8AF1-14F39D3D77C4}.Release|x86.Deploy.0 = Release|Win32
		{ED53C52C-60B2-4A19-9A11-2002386405DB}.Debug|ARM.ActiveCfg = Debug|x64
		{ED53C52C-60B2-4A19-9A11-2002386405DB}.Debug|ARM.Build.0 = Debug|x64
		{ED53C52C-60B2-4A19-9A11-2002386405DB}.Debug|ARM.Deploy.0 = Debug|x64
		{ED53C52C-60B2-4A19-9A11-2002386405DB}.Debug|ARM64.ActiveCfg = Debug|ARM64
		{ED53C52C-60B2-4A19-9A11-2002386405DB}.Debug|ARM64.Build.0 = Debug|ARM64
		{ED53C52C-60B2-4A19-9A11-2002386405DB}.Debug|ARM64.Deploy.0 = Debug|ARM64
		{ED53C52C-60B2-4A19-9A11-2002386405DB}.Debug|x64.ActiveCfg = Debug|x64
		{ED53C52C-60B2-4A19-9A11-2002386405DB}.Debug|x64.Build.0 = Debug|x64
		{ED53C52C-60B2-4A19-9A11-2002386405DB}.Debug|x64.Deploy.0 = Debug|x64
		{ED53C52C-60B2-4A19-9A11-2002386405DB}.Debug|x86.ActiveCfg = Debug|x86
		{ED53C52C-60B2-4A19-9A11-2002386405DB}.Debug|x86.Build.0 = Debug|x86
		{ED53C52C-60B2-4A19-9A11-2002386405DB}.Debug|x86.Deploy.0 = Debug|x86
		{ED53C52C-60B2-4A19-9A11-2002386405DB}.Release|ARM.ActiveCfg = Release|x64
		{ED53C52C-60B2-4A19-9A11-2002386405DB}.Release|ARM.Build.0 = Release|x64
		{ED53C52C-60B2-4A19-9A11-2002386405DB}.Release|ARM.Deploy.0 = Release|x64
		{ED53C52C-60B2-4A19-9A11-2002386405DB}.Release|ARM64.ActiveCfg = Release|ARM64
		{ED53C52C-60B2-4A19-9A11-2002386405DB}.Release|ARM64.Build.0 = Release|ARM64
		{ED53C52C-60B2-4A19-9A11-2002386405DB}.Release|ARM64.Deploy.0 = Release|ARM64
		{ED53C52C-60B2-4A19-9A11-2002386405DB}.Release|x64.ActiveCfg = Release|x64
		{ED53C52C-60B2-4A19-9A11-2002386405DB}.Release|x64.Build.0 = Release|x64
		{ED53C52C-60B2-4A19-9A11-2002386405DB}.Release|x64.Deploy.0 = Release|x64
		{ED53C52C-60B2-4A19-9A11-2002386405DB}.Release|x86.ActiveCfg = Release|x86
		{ED53C52C-60B2-4A19-9A11-2002386405DB}.Release|x86.Build.0 = Release|x86
		{ED53C52C-60B2-4A19-9A11-2002386405DB}.Release|x86.Deploy.0 = Release|x86
		{2359F258-45BE-465F-98DD-A483815FAE53}.Debug|ARM.ActiveCfg = Debug|ARM
		{2359F258-45BE-465F-98DD-A483815FAE53}.Debug|ARM.Build.0 = Debug|ARM
		{2359F258-45BE-465F-98DD-A483815FAE53}.Debug|ARM.Deploy.0 = Debug|ARM
		{2359F258-45BE-465F-98DD-A483815FAE53}.Debug|ARM64.ActiveCfg = Debug|ARM64
		{2359F258-45BE-465F-98DD-A483815FAE53}.Debug|ARM64.Build.0 = Debug|ARM64
		{2359F258-45BE-465F-98DD-A483815FAE53}.Debug|ARM64.Deploy.0 = Debug|ARM64
		{2359F258-45BE-465F-98DD-A483815FAE53}.Debug|x64.ActiveCfg = Debug|x64
		{2359F258-45BE-465F-98DD-A483815FAE53}.Debug|x64.Build.0 = Debug|x64
		{2359F258-45BE-465F-98DD-A483815FAE53}.Debug|x64.Deploy.0 = Debug|x64
		{2359F258-45BE-465F-98DD-A483815FAE53}.Debug|x86.ActiveCfg = Debug|x86
		{2359F258-45BE-465F-98DD-A483815FAE53}.Debug|x86.Build.0 = Debug|x86
		{2359F258-45BE-465F-98DD-A483815FAE53}.Debug|x86.Deploy.0 = Debug|x86
		{2359F258-45BE-465F-98DD-A483815FAE53}.Release|ARM.ActiveCfg = Release|ARM
		{2359F258-45BE-465F-98DD-A483815FAE53}.Release|ARM.Build.0 = Release|ARM
		{2359F258-45BE-465F-98DD-A483815FAE53}.Release|ARM.Deploy.0 = Release|ARM
		{2359F258-45BE-465F-98DD-A483815FAE53}.Release|ARM64.ActiveCfg = Release|ARM64
		{2359F258-45BE-465F-98DD-A483815FAE53}.Release|ARM64.Build.0 = Release|ARM64
		{2359F258-45BE-465F-98DD-A483815FAE53}.Release|ARM64.Deploy.0 = Release|ARM64
		{2359F258-45BE-465F-98DD-A483815FAE53}.Release|x64.ActiveCfg = Release|x64
		{2359F258-45BE-465F-98DD-A483815FAE53}.Release|x64.Build.0 = Release|x64
		{2359F258-45BE-465F-98DD-A483815FAE53}.Release|x64.Deploy.0 = Release|x64
		{2359F258-45BE-465F-98DD-A483815FAE53}.Release|x86.ActiveCfg = Release|x86
		{2359F258-45BE-465F-98DD-A483815FAE53}.Release|x86.Build.0 = Release|x86
		{2359F258-45BE-465F-98DD-A483815FAE53}.Release|x86.Deploy.0 = Release|x86
		{DD0F80CC-B2C1-4A2D-9496-43540AD9696F}.Debug|ARM.ActiveCfg = Debug|x64
		{DD0F80CC-B2C1-4A2D-9496-43540AD9696F}.Debug|ARM.Build.0 = Debug|x64
		{DD0F80CC-B2C1-4A2D-9496-43540AD9696F}.Debug|ARM.Deploy.0 = Debug|x64
		{DD0F80CC-B2C1-4A2D-9496-43540AD9696F}.Debug|ARM64.ActiveCfg = Debug|ARM64
		{DD0F80CC-B2C1-4A2D-9496-43540AD9696F}.Debug|ARM64.Build.0 = Debug|ARM64
		{DD0F80CC-B2C1-4A2D-9496-43540AD9696F}.Debug|ARM64.Deploy.0 = Debug|ARM64
		{DD0F80CC-B2C1-4A2D-9496-43540AD9696F}.Debug|x64.ActiveCfg = Debug|x64
		{DD0F80CC-B2C1-4A2D-9496-43540AD9696F}.Debug|x64.Build.0 = Debug|x64
		{DD0F80CC-B2C1-4A2D-9496-43540AD9696F}.Debug|x64.Deploy.0 = Debug|x64
		{DD0F80CC-B2C1-4A2D-9496-43540AD9696F}.Debug|x86.ActiveCfg = Debug|Win32
		{DD0F80CC-B2C1-4A2D-9496-43540AD9696F}.Debug|x86.Build.0 = Debug|Win32
		{DD0F80CC-B2C1-4A2D-9496-43540AD9696F}.Debug|x86.Deploy.0 = Debug|Win32
		{DD0F80CC-B2C1-4A2D-9496-43540AD9696F}.Release|ARM.ActiveCfg = Release|x64
		{DD0F80CC-B2C1-4A2D-9496-43540AD9696F}.Release|ARM.Build.0 = Release|x64
		{DD0F80CC-B2C1-4A2D-9496-43540AD9696F}.Release|ARM.Deploy.0 = Release|x64
		{DD0F80CC-B2C1-4A2D-9496-43540AD9696F}.Release|ARM64.ActiveCfg = Release|ARM64
		{DD0F80CC-B2C1-4A2D-9496-43540AD9696F}.Release|ARM64.Build.0 = Release|ARM64
		{DD0F80CC-B2C1-4A2D-9496-43540AD9696F}.Release|ARM64.Deploy.0 = Release|ARM64
		{DD0F80CC-B2C1-4A2D-9496-43540AD9696F}.Release|x64.ActiveCfg = Release|x64
		{DD0F80CC-B2C1-4A2D-9496-43540AD9696F}.Release|x64.Build.0 = Release|x64
		{DD0F80CC-B2C1-4A2D-9496-43540AD9696F}.Release|x64.Deploy.0 = Release|x64
		{DD0F80CC-B2C1-4A2D-9496-43540AD9696F}.Release|x86.ActiveCfg = Release|Win32
		{DD0F80CC-B2C1-4A2D-9496-43540AD9696F}.Release|x86.Build.0 = Release|Win32
		{DD0F80CC-B2C1-4A2D-9496-43540AD9696F}.Release|x86.Deploy.0 = Release|Win32
		{1D5300FF-6737-4007-94AC-87695B8FB5E6}.Debug|ARM.ActiveCfg = Debug|ARM
		{1D5300FF-6737-4007-94AC-87695B8FB5E6}.Debug|ARM.Build.0 = Debug|ARM
		{1D5300FF-6737-4007-94AC-87695B8FB5E6}.Debug|ARM.Deploy.0 = Debug|ARM
		{1D5300FF-6737-4007-94AC-87695B8FB5E6}.Debug|ARM64.ActiveCfg = Debug|ARM64
		{1D5300FF-6737-4007-94AC-87695B8FB5E6}.Debug|ARM64.Build.0 = Debug|ARM64
		{1D5300FF-6737-4007-94AC-87695B8FB5E6}.Debug|ARM64.Deploy.0 = Debug|ARM64
		{1D5300FF-6737-4007-94AC-87695B8FB5E6}.Debug|x64.ActiveCfg = Debug|x64
		{1D5300FF-6737-4007-94AC-87695B8FB5E6}.Debug|x64.Build.0 = Debug|x64
		{1D5300FF-6737-4007-94AC-87695B8FB5E6}.Debug|x64.Deploy.0 = Debug|x64
		{1D5300FF-6737-4007-94AC-87695B8FB5E6}.Debug|x86.ActiveCfg = Debug|Win32
		{1D5300FF-6737-4007-94AC-87695B8FB5E6}.Debug|x86.Build.0 = Debug|Win32
		{1D5300FF-6737-4007-94AC-87695B8FB5E6}.Debug|x86.Deploy.0 = Debug|Win32
		{1D5300FF-6737-4007-94AC-87695B8FB5E6}.Release|ARM.ActiveCfg = Release|ARM
		{1D5300FF-6737-4007-94AC-87695B8FB5E6}.Release|ARM.Build.0 = Release|ARM
		{1D5300FF-6737-4007-94AC-87695B8FB5E6}.Release|ARM.Deploy.0 = Release|ARM
		{1D5300FF-6737-4007-94AC-87695B8FB5E6}.Release|ARM64.ActiveCfg = Release|ARM64
		{1D5300FF-6737-4007-94AC-87695B8FB5E6}.Release|ARM64.Build.0 = Release|ARM64
		{1D5300FF-6737-4007-94AC-87695B8FB5E6}.Release|ARM64.Deploy.0 = Release|ARM64
		{1D5300FF-6737-4007-94AC-87695B8FB5E6}.Release|x64.ActiveCfg = Release|x64
		{1D5300FF-6737-4007-94AC-87695B8FB5E6}.Release|x64.Build.0 = Release|x64
		{1D5300FF-6737-4007-94AC-87695B8FB5E6}.Release|x64.Deploy.0 = Release|x64
		{1D5300FF-6737-4007-94AC-87695B8FB5E6}.Release|x86.ActiveCfg = Release|Win32
		{1D5300FF-6737-4007-94AC-87695B8FB5E6}.Release|x86.Build.0 = Release|Win32
		{1D5300FF-6737-4007-94AC-87695B8FB5E6}.Release|x86.Deploy.0 = Release|Win32
	EndGlobalSection
	GlobalSection(SolutionProperties) = preSolution
		HideSolutionNode = FALSE
	EndGlobalSection
	GlobalSection(ExtensibilityGlobals) = postSolution
		SolutionGuid = {0EC9FEE4-0C3A-4CF7-B317-C07026C78904}
	EndGlobalSection
EndGlobal
